
Microsoft Visual Studio Solution File, Format Version 12.00
# Visual Studio Version 16
VisualStudioVersion = 16.0.29709.97
MinimumVisualStudioVersion = 10.0.40219.1
Project("{9A19103F-16F7-4668-BE54-9A1E7A4F7556}") = "Cat-V-Dog-Data", "Cat-V-Dog-Data\Cat-V-Dog-Data.csproj", "{D39E4F00-F13A-4415-9BC8-641D12DF2CD4}"
EndProject
Project("{FAE04EC0-301F-11D3-BF4B-00C04F79EFBC}") = "Cat-V-Dog-API", "Cat-V-Dog-API\Cat-V-Dog-API.csproj", "{3B59EA56-1A6D-4C99-8A78-42EF4C797D32}"
EndProject
Project("{FAE04EC0-301F-11D3-BF4B-00C04F79EFBC}") = "Cat-V-Dog-Library", "Cat-V-Dog-Library\Cat-V-Dog-Library.csproj", "{01E7709A-5C8C-4035-89E8-FCC07592855F}"
EndProject
Global
	GlobalSection(SolutionConfigurationPlatforms) = preSolution
		Debug|Any CPU = Debug|Any CPU
		Release|Any CPU = Release|Any CPU
	EndGlobalSection
	GlobalSection(ProjectConfigurationPlatforms) = postSolution
		{D39E4F00-F13A-4415-9BC8-641D12DF2CD4}.Debug|Any CPU.ActiveCfg = Debug|Any CPU
		{D39E4F00-F13A-4415-9BC8-641D12DF2CD4}.Debug|Any CPU.Build.0 = Debug|Any CPU
		{D39E4F00-F13A-4415-9BC8-641D12DF2CD4}.Release|Any CPU.ActiveCfg = Release|Any CPU
		{D39E4F00-F13A-4415-9BC8-641D12DF2CD4}.Release|Any CPU.Build.0 = Release|Any CPU
		{3B59EA56-1A6D-4C99-8A78-42EF4C797D32}.Debug|Any CPU.ActiveCfg = Debug|Any CPU
		{3B59EA56-1A6D-4C99-8A78-42EF4C797D32}.Debug|Any CPU.Build.0 = Debug|Any CPU
		{3B59EA56-1A6D-4C99-8A78-42EF4C797D32}.Release|Any CPU.ActiveCfg = Release|Any CPU
		{3B59EA56-1A6D-4C99-8A78-42EF4C797D32}.Release|Any CPU.Build.0 = Release|Any CPU
		{01E7709A-5C8C-4035-89E8-FCC07592855F}.Debug|Any CPU.ActiveCfg = Debug|Any CPU
		{01E7709A-5C8C-4035-89E8-FCC07592855F}.Debug|Any CPU.Build.0 = Debug|Any CPU
		{01E7709A-5C8C-4035-89E8-FCC07592855F}.Release|Any CPU.ActiveCfg = Release|Any CPU
		{01E7709A-5C8C-4035-89E8-FCC07592855F}.Release|Any CPU.Build.0 = Release|Any CPU
	EndGlobalSection
	GlobalSection(SolutionProperties) = preSolution
		HideSolutionNode = FALSE
	EndGlobalSection
	GlobalSection(ExtensibilityGlobals) = postSolution
		SolutionGuid = {CB181E98-E666-4FD2-97D5-156E2ECEB3D9}
	EndGlobalSection
EndGlobal
